
Microsoft Visual Studio Solution File, Format Version 12.00
# Visual Studio Version 17
VisualStudioVersion = 17.8.34330.188
MinimumVisualStudioVersion = 10.0.40219.1
Project("{FAE04EC0-301F-11D3-BF4B-00C04F79EFBC}") = "RMDataManager", "RMDataManager\RMDataManager.csproj", "{B68F7806-4584-4270-AB84-7169248CB94A}"
EndProject
Project("{00D1A9C2-B5F0-4AF3-8072-F6C62B433612}") = "RMData", "RMData\RMData.sqlproj", "{8D3FACC2-87EA-4AAA-8BBB-E5FBB63B4C1A}"
EndProject
Project("{FAE04EC0-301F-11D3-BF4B-00C04F79EFBC}") = "RMDeskTopUI", "RMDeskTopUI\RMDeskTopUI.csproj", "{0DFE0A59-4EB6-46CF-A56D-E294A8EC724B}"
EndProject
Project("{FAE04EC0-301F-11D3-BF4B-00C04F79EFBC}") = "RMDataManagerLibrary", "RMDataManagerLibrary\RMDataManagerLibrary.csproj", "{0DE4C5F0-135E-4939-9D5C-16B998468414}"
EndProject
Global
	GlobalSection(SolutionConfigurationPlatforms) = preSolution
		Debug|Any CPU = Debug|Any CPU
		Release|Any CPU = Release|Any CPU
	EndGlobalSection
	GlobalSection(ProjectConfigurationPlatforms) = postSolution
		{B68F7806-4584-4270-AB84-7169248CB94A}.Debug|Any CPU.ActiveCfg = Debug|Any CPU
		{B68F7806-4584-4270-AB84-7169248CB94A}.Debug|Any CPU.Build.0 = Debug|Any CPU
		{B68F7806-4584-4270-AB84-7169248CB94A}.Release|Any CPU.ActiveCfg = Release|Any CPU
		{B68F7806-4584-4270-AB84-7169248CB94A}.Release|Any CPU.Build.0 = Release|Any CPU
		{8D3FACC2-87EA-4AAA-8BBB-E5FBB63B4C1A}.Debug|Any CPU.ActiveCfg = Debug|Any CPU
		{8D3FACC2-87EA-4AAA-8BBB-E5FBB63B4C1A}.Debug|Any CPU.Build.0 = Debug|Any CPU
		{8D3FACC2-87EA-4AAA-8BBB-E5FBB63B4C1A}.Debug|Any CPU.Deploy.0 = Debug|Any CPU
		{8D3FACC2-87EA-4AAA-8BBB-E5FBB63B4C1A}.Release|Any CPU.ActiveCfg = Release|Any CPU
		{8D3FACC2-87EA-4AAA-8BBB-E5FBB63B4C1A}.Release|Any CPU.Build.0 = Release|Any CPU
		{8D3FACC2-87EA-4AAA-8BBB-E5FBB63B4C1A}.Release|Any CPU.Deploy.0 = Release|Any CPU
		{0DFE0A59-4EB6-46CF-A56D-E294A8EC724B}.Debug|Any CPU.ActiveCfg = Debug|Any CPU
		{0DFE0A59-4EB6-46CF-A56D-E294A8EC724B}.Debug|Any CPU.Build.0 = Debug|Any CPU
		{0DFE0A59-4EB6-46CF-A56D-E294A8EC724B}.Release|Any CPU.ActiveCfg = Release|Any CPU
		{0DFE0A59-4EB6-46CF-A56D-E294A8EC724B}.Release|Any CPU.Build.0 = Release|Any CPU
		{0DE4C5F0-135E-4939-9D5C-16B998468414}.Debug|Any CPU.ActiveCfg = Debug|Any CPU
		{0DE4C5F0-135E-4939-9D5C-16B998468414}.Debug|Any CPU.Build.0 = Debug|Any CPU
		{0DE4C5F0-135E-4939-9D5C-16B998468414}.Release|Any CPU.ActiveCfg = Release|Any CPU
		{0DE4C5F0-135E-4939-9D5C-16B998468414}.Release|Any CPU.Build.0 = Release|Any CPU
	EndGlobalSection
	GlobalSection(SolutionProperties) = preSolution
		HideSolutionNode = FALSE
	EndGlobalSection
	GlobalSection(ExtensibilityGlobals) = postSolution
		SolutionGuid = {0E3FA70E-E4D3-4216-9FB1-D4C1C9625FDA}
	EndGlobalSection
EndGlobal
